
Microsoft Visual Studio Solution File, Format Version 12.00
# Visual Studio Version 16
VisualStudioVersion = 16.0.29102.190
MinimumVisualStudioVersion = 10.0.40219.1
Project("{FAE04EC0-301F-11D3-BF4B-00C04F79EFBC}") = "Exercício Métodos", "Exercício Métodos.csproj", "{C63E3767-2920-491A-8CAA-9F2AD27BCCF8}"
EndProject
Global
	GlobalSection(SolutionConfigurationPlatforms) = preSolution
		Debug|Any CPU = Debug|Any CPU
		Release|Any CPU = Release|Any CPU
	EndGlobalSection
	GlobalSection(ProjectConfigurationPlatforms) = postSolution
		{C63E3767-2920-491A-8CAA-9F2AD27BCCF8}.Debug|Any CPU.ActiveCfg = Debug|Any CPU
		{C63E3767-2920-491A-8CAA-9F2AD27BCCF8}.Debug|Any CPU.Build.0 = Debug|Any CPU
		{C63E3767-2920-491A-8CAA-9F2AD27BCCF8}.Release|Any CPU.ActiveCfg = Release|Any CPU
		{C63E3767-2920-491A-8CAA-9F2AD27BCCF8}.Release|Any CPU.Build.0 = Release|Any CPU
	EndGlobalSection
	GlobalSection(SolutionProperties) = preSolution
		HideSolutionNode = FALSE
	EndGlobalSection
	GlobalSection(ExtensibilityGlobals) = postSolution
		SolutionGuid = {AE654AE0-DB6C-4C7B-A231-8C31530BE2DC}
	EndGlobalSection
EndGlobal
