
Microsoft Visual Studio Solution File, Format Version 12.00
# Visual Studio Version 16
VisualStudioVersion = 16.0.29102.190
MinimumVisualStudioVersion = 10.0.40219.1
Project("{FAE04EC0-301F-11D3-BF4B-00C04F79EFBC}") = "Código de Barras", "Código de Barras.csproj", "{662D2CAB-9F5C-4843-B22E-590B225AD3D0}"
EndProject
Global
	GlobalSection(SolutionConfigurationPlatforms) = preSolution
		Debug|Any CPU = Debug|Any CPU
		Release|Any CPU = Release|Any CPU
	EndGlobalSection
	GlobalSection(ProjectConfigurationPlatforms) = postSolution
		{662D2CAB-9F5C-4843-B22E-590B225AD3D0}.Debug|Any CPU.ActiveCfg = Debug|Any CPU
		{662D2CAB-9F5C-4843-B22E-590B225AD3D0}.Debug|Any CPU.Build.0 = Debug|Any CPU
		{662D2CAB-9F5C-4843-B22E-590B225AD3D0}.Release|Any CPU.ActiveCfg = Release|Any CPU
		{662D2CAB-9F5C-4843-B22E-590B225AD3D0}.Release|Any CPU.Build.0 = Release|Any CPU
	EndGlobalSection
	GlobalSection(SolutionProperties) = preSolution
		HideSolutionNode = FALSE
	EndGlobalSection
	GlobalSection(ExtensibilityGlobals) = postSolution
		SolutionGuid = {80A327CE-57CB-41BD-A520-48752D853F19}
	EndGlobalSection
EndGlobal
