
Microsoft Visual Studio Solution File, Format Version 12.00
# Visual Studio Version 16
VisualStudioVersion = 16.0.29102.190
MinimumVisualStudioVersion = 10.0.40219.1
Project("{FAE04EC0-301F-11D3-BF4B-00C04F79EFBC}") = "CriarUtilizadores", "CriarUtilizadores.csproj", "{15B6D2DA-CE9A-4C7D-89DB-F1BB52BF064E}"
EndProject
Global
	GlobalSection(SolutionConfigurationPlatforms) = preSolution
		Debug|Any CPU = Debug|Any CPU
		Release|Any CPU = Release|Any CPU
	EndGlobalSection
	GlobalSection(ProjectConfigurationPlatforms) = postSolution
		{15B6D2DA-CE9A-4C7D-89DB-F1BB52BF064E}.Debug|Any CPU.ActiveCfg = Debug|Any CPU
		{15B6D2DA-CE9A-4C7D-89DB-F1BB52BF064E}.Debug|Any CPU.Build.0 = Debug|Any CPU
		{15B6D2DA-CE9A-4C7D-89DB-F1BB52BF064E}.Release|Any CPU.ActiveCfg = Release|Any CPU
		{15B6D2DA-CE9A-4C7D-89DB-F1BB52BF064E}.Release|Any CPU.Build.0 = Release|Any CPU
	EndGlobalSection
	GlobalSection(SolutionProperties) = preSolution
		HideSolutionNode = FALSE
	EndGlobalSection
	GlobalSection(ExtensibilityGlobals) = postSolution
		SolutionGuid = {EAD6D227-1D44-449E-A8B3-2160BE2AC38B}
	EndGlobalSection
EndGlobal
