
Microsoft Visual Studio Solution File, Format Version 12.00
# Visual Studio Version 16
VisualStudioVersion = 16.0.29102.190
MinimumVisualStudioVersion = 10.0.40219.1
Project("{FAE04EC0-301F-11D3-BF4B-00C04F79EFBC}") = "Filas", "Filas.csproj", "{41E43572-2595-4AA8-8F9F-16C4B9B080C6}"
EndProject
Global
	GlobalSection(SolutionConfigurationPlatforms) = preSolution
		Debug|Any CPU = Debug|Any CPU
		Release|Any CPU = Release|Any CPU
	EndGlobalSection
	GlobalSection(ProjectConfigurationPlatforms) = postSolution
		{41E43572-2595-4AA8-8F9F-16C4B9B080C6}.Debug|Any CPU.ActiveCfg = Debug|Any CPU
		{41E43572-2595-4AA8-8F9F-16C4B9B080C6}.Debug|Any CPU.Build.0 = Debug|Any CPU
		{41E43572-2595-4AA8-8F9F-16C4B9B080C6}.Release|Any CPU.ActiveCfg = Release|Any CPU
		{41E43572-2595-4AA8-8F9F-16C4B9B080C6}.Release|Any CPU.Build.0 = Release|Any CPU
	EndGlobalSection
	GlobalSection(SolutionProperties) = preSolution
		HideSolutionNode = FALSE
	EndGlobalSection
	GlobalSection(ExtensibilityGlobals) = postSolution
		SolutionGuid = {6F50B3A2-C7EB-44B1-A49B-F1DFDD327775}
	EndGlobalSection
EndGlobal
