
Microsoft Visual Studio Solution File, Format Version 12.00
# Visual Studio Version 16
VisualStudioVersion = 16.0.29102.190
MinimumVisualStudioVersion = 10.0.40219.1
Project("{FAE04EC0-301F-11D3-BF4B-00C04F79EFBC}") = "5", "5.csproj", "{7556E6AE-D209-42F5-B81C-AA2AFF040C7B}"
EndProject
Global
	GlobalSection(SolutionConfigurationPlatforms) = preSolution
		Debug|Any CPU = Debug|Any CPU
		Release|Any CPU = Release|Any CPU
	EndGlobalSection
	GlobalSection(ProjectConfigurationPlatforms) = postSolution
		{7556E6AE-D209-42F5-B81C-AA2AFF040C7B}.Debug|Any CPU.ActiveCfg = Debug|Any CPU
		{7556E6AE-D209-42F5-B81C-AA2AFF040C7B}.Debug|Any CPU.Build.0 = Debug|Any CPU
		{7556E6AE-D209-42F5-B81C-AA2AFF040C7B}.Release|Any CPU.ActiveCfg = Release|Any CPU
		{7556E6AE-D209-42F5-B81C-AA2AFF040C7B}.Release|Any CPU.Build.0 = Release|Any CPU
	EndGlobalSection
	GlobalSection(SolutionProperties) = preSolution
		HideSolutionNode = FALSE
	EndGlobalSection
	GlobalSection(ExtensibilityGlobals) = postSolution
		SolutionGuid = {AD073574-E462-455B-9082-D585893DB5F7}
	EndGlobalSection
EndGlobal
