
Microsoft Visual Studio Solution File, Format Version 12.00
# Visual Studio Version 16
VisualStudioVersion = 16.0.29102.190
MinimumVisualStudioVersion = 10.0.40219.1
Project("{FAE04EC0-301F-11D3-BF4B-00C04F79EFBC}") = "Jogo do Galo", "Jogo do Galo.csproj", "{FB06FEF9-73EC-4A54-A531-6D7023D314F4}"
EndProject
Global
	GlobalSection(SolutionConfigurationPlatforms) = preSolution
		Debug|Any CPU = Debug|Any CPU
		Release|Any CPU = Release|Any CPU
	EndGlobalSection
	GlobalSection(ProjectConfigurationPlatforms) = postSolution
		{FB06FEF9-73EC-4A54-A531-6D7023D314F4}.Debug|Any CPU.ActiveCfg = Debug|Any CPU
		{FB06FEF9-73EC-4A54-A531-6D7023D314F4}.Debug|Any CPU.Build.0 = Debug|Any CPU
		{FB06FEF9-73EC-4A54-A531-6D7023D314F4}.Release|Any CPU.ActiveCfg = Release|Any CPU
		{FB06FEF9-73EC-4A54-A531-6D7023D314F4}.Release|Any CPU.Build.0 = Release|Any CPU
	EndGlobalSection
	GlobalSection(SolutionProperties) = preSolution
		HideSolutionNode = FALSE
	EndGlobalSection
	GlobalSection(ExtensibilityGlobals) = postSolution
		SolutionGuid = {9EDB9EDA-989F-4229-94ED-900C718A5444}
	EndGlobalSection
EndGlobal
