
Microsoft Visual Studio Solution File, Format Version 12.00
# Visual Studio Version 16
VisualStudioVersion = 16.0.29102.190
MinimumVisualStudioVersion = 10.0.40219.1
Project("{FAE04EC0-301F-11D3-BF4B-00C04F79EFBC}") = "Indice Massa Corporal", "Indice Massa Corporal.csproj", "{F56DB3A9-3043-451C-AA2D-B154202ADC60}"
EndProject
Global
	GlobalSection(SolutionConfigurationPlatforms) = preSolution
		Debug|Any CPU = Debug|Any CPU
		Release|Any CPU = Release|Any CPU
	EndGlobalSection
	GlobalSection(ProjectConfigurationPlatforms) = postSolution
		{F56DB3A9-3043-451C-AA2D-B154202ADC60}.Debug|Any CPU.ActiveCfg = Debug|Any CPU
		{F56DB3A9-3043-451C-AA2D-B154202ADC60}.Debug|Any CPU.Build.0 = Debug|Any CPU
		{F56DB3A9-3043-451C-AA2D-B154202ADC60}.Release|Any CPU.ActiveCfg = Release|Any CPU
		{F56DB3A9-3043-451C-AA2D-B154202ADC60}.Release|Any CPU.Build.0 = Release|Any CPU
	EndGlobalSection
	GlobalSection(SolutionProperties) = preSolution
		HideSolutionNode = FALSE
	EndGlobalSection
	GlobalSection(ExtensibilityGlobals) = postSolution
		SolutionGuid = {F36EB746-FF1A-44DD-A502-8644169372D2}
	EndGlobalSection
EndGlobal
