
Microsoft Visual Studio Solution File, Format Version 12.00
# Visual Studio Version 16
VisualStudioVersion = 16.0.29102.190
MinimumVisualStudioVersion = 10.0.40219.1
Project("{FAE04EC0-301F-11D3-BF4B-00C04F79EFBC}") = "4", "4.csproj", "{C7FF24A9-8DFD-473E-BB62-64AE0A06174B}"
EndProject
Global
	GlobalSection(SolutionConfigurationPlatforms) = preSolution
		Debug|Any CPU = Debug|Any CPU
		Release|Any CPU = Release|Any CPU
	EndGlobalSection
	GlobalSection(ProjectConfigurationPlatforms) = postSolution
		{C7FF24A9-8DFD-473E-BB62-64AE0A06174B}.Debug|Any CPU.ActiveCfg = Debug|Any CPU
		{C7FF24A9-8DFD-473E-BB62-64AE0A06174B}.Debug|Any CPU.Build.0 = Debug|Any CPU
		{C7FF24A9-8DFD-473E-BB62-64AE0A06174B}.Release|Any CPU.ActiveCfg = Release|Any CPU
		{C7FF24A9-8DFD-473E-BB62-64AE0A06174B}.Release|Any CPU.Build.0 = Release|Any CPU
	EndGlobalSection
	GlobalSection(SolutionProperties) = preSolution
		HideSolutionNode = FALSE
	EndGlobalSection
	GlobalSection(ExtensibilityGlobals) = postSolution
		SolutionGuid = {A49CF212-112A-4532-B5F4-F10194F553F2}
	EndGlobalSection
EndGlobal
