
Microsoft Visual Studio Solution File, Format Version 12.00
# Visual Studio Version 16
VisualStudioVersion = 16.0.29102.190
MinimumVisualStudioVersion = 10.0.40219.1
Project("{FAE04EC0-301F-11D3-BF4B-00C04F79EFBC}") = "Ex4", "Ex4.csproj", "{C6A4E9A9-E763-4B7B-BD68-E862F0D787BE}"
EndProject
Global
	GlobalSection(SolutionConfigurationPlatforms) = preSolution
		Debug|Any CPU = Debug|Any CPU
		Release|Any CPU = Release|Any CPU
	EndGlobalSection
	GlobalSection(ProjectConfigurationPlatforms) = postSolution
		{C6A4E9A9-E763-4B7B-BD68-E862F0D787BE}.Debug|Any CPU.ActiveCfg = Debug|Any CPU
		{C6A4E9A9-E763-4B7B-BD68-E862F0D787BE}.Debug|Any CPU.Build.0 = Debug|Any CPU
		{C6A4E9A9-E763-4B7B-BD68-E862F0D787BE}.Release|Any CPU.ActiveCfg = Release|Any CPU
		{C6A4E9A9-E763-4B7B-BD68-E862F0D787BE}.Release|Any CPU.Build.0 = Release|Any CPU
	EndGlobalSection
	GlobalSection(SolutionProperties) = preSolution
		HideSolutionNode = FALSE
	EndGlobalSection
	GlobalSection(ExtensibilityGlobals) = postSolution
		SolutionGuid = {BC9543BA-E0A4-4773-A2DC-0F34A7AB94EF}
	EndGlobalSection
EndGlobal
